
Microsoft Visual Studio Solution File, Format Version 12.00
# Visual Studio Version 16
VisualStudioVersion = 16.0.31321.278
MinimumVisualStudioVersion = 10.0.40219.1
Project("{FAE04EC0-301F-11D3-BF4B-00C04F79EFBC}") = "SrBolo_Prototype1", "SrBolo_Prototype1\SrBolo_Prototype1.csproj", "{32B48C3C-627F-469A-972D-C19DCD86B9BE}"
EndProject
Global
	GlobalSection(SolutionConfigurationPlatforms) = preSolution
		Debug|Any CPU = Debug|Any CPU
		Release|Any CPU = Release|Any CPU
	EndGlobalSection
	GlobalSection(ProjectConfigurationPlatforms) = postSolution
		{32B48C3C-627F-469A-972D-C19DCD86B9BE}.Debug|Any CPU.ActiveCfg = Debug|Any CPU
		{32B48C3C-627F-469A-972D-C19DCD86B9BE}.Debug|Any CPU.Build.0 = Debug|Any CPU
		{32B48C3C-627F-469A-972D-C19DCD86B9BE}.Release|Any CPU.ActiveCfg = Release|Any CPU
		{32B48C3C-627F-469A-972D-C19DCD86B9BE}.Release|Any CPU.Build.0 = Release|Any CPU
	EndGlobalSection
	GlobalSection(SolutionProperties) = preSolution
		HideSolutionNode = FALSE
	EndGlobalSection
	GlobalSection(ExtensibilityGlobals) = postSolution
		SolutionGuid = {43412AE2-15F4-4CAF-A24E-8085CF339BBA}
	EndGlobalSection
EndGlobal
